
Microsoft Visual Studio Solution File, Format Version 12.00
# Visual Studio Version 17
VisualStudioVersion = 17.14.36121.58
MinimumVisualStudioVersion = 10.0.40219.1
Project("{FAE04EC0-301F-11D3-BF4B-00C04F79EFBC}") = "RMSPrivateServerAPI", "RMSPrivateServerAPI.csproj", "{3DE9503E-459E-417E-8BD4-F68C21008B2D}"
EndProject
Global
	GlobalSection(SolutionConfigurationPlatforms) = preSolution
		Debug|Any CPU = Debug|Any CPU
		Release|Any CPU = Release|Any CPU
	EndGlobalSection
	GlobalSection(ProjectConfigurationPlatforms) = postSolution
		{3DE9503E-459E-417E-8BD4-F68C21008B2D}.Debug|Any CPU.ActiveCfg = Debug|Any CPU
		{3DE9503E-459E-417E-8BD4-F68C21008B2D}.Debug|Any CPU.Build.0 = Debug|Any CPU
		{3DE9503E-459E-417E-8BD4-F68C21008B2D}.Release|Any CPU.ActiveCfg = Release|Any CPU
		{3DE9503E-459E-417E-8BD4-F68C21008B2D}.Release|Any CPU.Build.0 = Release|Any CPU
	EndGlobalSection
	GlobalSection(SolutionProperties) = preSolution
		HideSolutionNode = FALSE
	EndGlobalSection
	GlobalSection(ExtensibilityGlobals) = postSolution
		SolutionGuid = {60950F07-2C0F-4BDB-8E21-6AA24755F5B2}
	EndGlobalSection
EndGlobal
